
Microsoft Visual Studio Solution File, Format Version 10.00
# Visual Studio 2008
Project("{54435603-DBB4-11D2-8724-00A0C9A8B90C}") = "JCMSControls", "JCMSControls.vdproj", "{6FF7089D-997E-4F50-B4DB-EA381FFC6065}"
EndProject
Global
	GlobalSection(SolutionConfigurationPlatforms) = preSolution
		Debug|Default = Debug|Default
		Release|Default = Release|Default
	EndGlobalSection
	GlobalSection(ProjectConfigurationPlatforms) = postSolution
		{6FF7089D-997E-4F50-B4DB-EA381FFC6065}.Debug|Default.ActiveCfg = Debug
		{6FF7089D-997E-4F50-B4DB-EA381FFC6065}.Debug|Default.Build.0 = Debug
		{6FF7089D-997E-4F50-B4DB-EA381FFC6065}.Release|Default.ActiveCfg = Release
		{6FF7089D-997E-4F50-B4DB-EA381FFC6065}.Release|Default.Build.0 = Release
	EndGlobalSection
	GlobalSection(SolutionProperties) = preSolution
		HideSolutionNode = FALSE
	EndGlobalSection
EndGlobal
